PODS:
  - ModelMapper (5.0.0-beta.2)

DEPENDENCIES:
  - ModelMapper (from `https://github.com/Lyft/mapper`, branch `swift-3.0`)

EXTERNAL SOURCES:
  ModelMapper:
    :branch: swift-3.0
    :git: https://github.com/Lyft/mapper

CHECKOUT OPTIONS:
  ModelMapper:
    :commit: eead7f57eacbcda5257925e3ceb99cd73a611fac
    :git: https://github.com/Lyft/mapper

SPEC CHECKSUMS:
  ModelMapper: b306e689e231331896d447a36a54643c5da0bacd

PODFILE CHECKSUM: 14bbce7110a5b3c8f12c6dece8dc5f134e0c0e80

COCOAPODS: 1.1.0.rc.2
